<?xml version="1.0" encoding="utf-8"?>
<Project ToolsVersion="4.0" xmlns="http://schemas.microsoft.com/developer/msbuild/2003">
  <ItemGroup>
    <Filter Include="./">
      <UniqueIdentifier>{4FC737F1-C7A5-4376-A066-2A32D752A2FF}</UniqueIdentifier>
      <Extensions>cpp;c;cc;cxx;def;odl;idl;hpj;bat;asm;asmx</Extensions>
    </Filter>
    <Filter Include="Script2">
      <UniqueIdentifier>{45a0cbca-e225-45ae-97fa-e13f4cbf62fa}</UniqueIdentifier>
    </Filter>
    <Filter Include="Script2\_Seams">
      <UniqueIdentifier>{ea743d6e-ec58-411b-9325-c82fa625ebd5}</UniqueIdentifier>
    </Filter>
    <Filter Include="KabukiToolkit">
      <UniqueIdentifier>{47d979c0-a403-4bd4-8eb1-a2d63d7813d5}</UniqueIdentifier>
    </Filter>
    <Filter Include="KabukiToolkit\Audio">
      <UniqueIdentifier>{8816dd36-fbf2-4c67-85be-39ca808e07af}</UniqueIdentifier>
    </Filter>
    <Filter Include="KabukiToolkit\Code">
      <UniqueIdentifier>{acaaaedb-661a-419a-8520-e314befa3d16}</UniqueIdentifier>
    </Filter>
    <Filter Include="KabukiToolkit\Data">
      <UniqueIdentifier>{65970460-48f2-4e80-a554-3ee2b0d90358}</UniqueIdentifier>
    </Filter>
    <Filter Include="KabukiToolkit\Forms">
      <UniqueIdentifier>{d46f1717-f3f6-472f-8bde-f51a748c57b7}</UniqueIdentifier>
    </Filter>
    <Filter Include="KabukiToolkit\GUI">
      <UniqueIdentifier>{6fa0946f-c602-4f98-9a89-ed901887babd}</UniqueIdentifier>
    </Filter>
    <Filter Include="KabukiToolkit\Image">
      <UniqueIdentifier>{946eb5d3-ea90-456b-88c8-0ec540c2b24a}</UniqueIdentifier>
    </Filter>
    <Filter Include="KabukiToolkit\IMUL">
      <UniqueIdentifier>{3175ddaa-01dc-4265-be2b-5646d8e02b4a}</UniqueIdentifier>
    </Filter>
    <Filter Include="KabukiToolkit\Pro">
      <UniqueIdentifier>{386baaee-0c23-4b8c-866d-f4e5cc48e6a4}</UniqueIdentifier>
    </Filter>
    <Filter Include="KabukiToolkit\Touch">
      <UniqueIdentifier>{a3ab5683-f870-479c-acf4-87eeeb2f09d8}</UniqueIdentifier>
    </Filter>
    <Filter Include="KabukiToolkit\Who">
      <UniqueIdentifier>{0b1b2e9f-4972-44c1-ac60-6bfe733ad460}</UniqueIdentifier>
    </Filter>
    <Filter Include="KabukiToolkit\_Seams">
      <UniqueIdentifier>{84e64e57-e357-4ff5-97f6-c6cafdfede43}</UniqueIdentifier>
    </Filter>
    <Filter Include="KabukiToolkit\_Seams\Audio">
      <UniqueIdentifier>{e45f859c-232d-414e-a60f-8857818f244c}</UniqueIdentifier>
    </Filter>
    <Filter Include="KabukiToolkit\_Seams\Code">
      <UniqueIdentifier>{c73c80db-6a43-4933-8190-27165fe0e492}</UniqueIdentifier>
    </Filter>
    <Filter Include="KabukiToolkit\_Seams\Data">
      <UniqueIdentifier>{418a9b18-29be-476d-9183-adb105c6e62b}</UniqueIdentifier>
    </Filter>
    <Filter Include="KabukiToolkit\_Seams\Forms">
      <UniqueIdentifier>{2a5a592d-6e03-4f73-aece-5d1b2716c3d9}</UniqueIdentifier>
    </Filter>
    <Filter Include="KabukiToolkit\_Seams\GUI">
      <UniqueIdentifier>{8b3b3bda-df10-45f1-84d7-5d13860be59b}</UniqueIdentifier>
    </Filter>
    <Filter Include="KabukiToolkit\_Seams\Image">
      <UniqueIdentifier>{d5a491f1-7643-4831-897c-8648c90a809f}</UniqueIdentifier>
    </Filter>
    <Filter Include="KabukiToolkit\_Seams\IMUL">
      <UniqueIdentifier>{0fe28712-d55a-4538-8e7f-1612383ae538}</UniqueIdentifier>
    </Filter>
    <Filter Include="KabukiToolkit\_Seams\Pro">
      <UniqueIdentifier>{44f9a7c4-8797-4091-85a4-bce27bfbe680}</UniqueIdentifier>
    </Filter>
    <Filter Include="KabukiToolkit\_Seams\Touch">
      <UniqueIdentifier>{84ffc9ab-23e8-43f6-980d-c0f89e981ea8}</UniqueIdentifier>
    </Filter>
    <Filter Include="KabukiToolkit\_Seams\Who">
      <UniqueIdentifier>{5e91a5ab-755a-4477-996e-de26ab4ea8cc}</UniqueIdentifier>
    </Filter>
    <Filter Include="./\_Seams">
      <UniqueIdentifier>{bf6d73eb-a329-4324-839b-c163042c31b8}</UniqueIdentifier>
    </Filter>
    <Filter Include="iGeek">
      <UniqueIdentifier>{b82b7d2a-d486-423f-bf54-cbd7a4acdb46}</UniqueIdentifier>
    </Filter>
    <Filter Include="iGeek\_Seams">
      <UniqueIdentifier>{1b934ecb-7d27-4f84-86c3-1b2fcd4597bb}</UniqueIdentifier>
    </Filter>
  </ItemGroup>
  <ItemGroup>
    <ClInclude Include="..\Script2\Varint.h">
      <Filter>Script2</Filter>
    </ClInclude>
    <ClInclude Include="..\Script2\Wall.h">
      <Filter>Script2</Filter>
    </ClInclude>
    <ClInclude Include="..\Script2\Wall.hpp">
      <Filter>Script2</Filter>
    </ClInclude>
    <ClInclude Include="..\Script2\_Config.h">
      <Filter>Script2</Filter>
    </ClInclude>
    <ClInclude Include="..\Script2\Address.h">
      <Filter>Script2</Filter>
    </ClInclude>
    <ClInclude Include="..\Script2\Args.h">
      <Filter>Script2</Filter>
    </ClInclude>
    <ClInclude Include="..\Script2\Array.h">
      <Filter>Script2</Filter>
    </ClInclude>
    <ClInclude Include="..\Script2\Array.hpp">
      <Filter>Script2</Filter>
    </ClInclude>
    <ClInclude Include="..\Script2\Autoject.h">
      <Filter>Script2</Filter>
    </ClInclude>
    <ClInclude Include="..\Script2\BIn.h">
      <Filter>Script2</Filter>
    </ClInclude>
    <ClInclude Include="..\Script2\BIn.hpp">
      <Filter>Script2</Filter>
    </ClInclude>
    <ClInclude Include="..\Script2\Binary.hpp">
      <Filter>Script2</Filter>
    </ClInclude>
    <ClInclude Include="..\Script2\Book.hpp">
      <Filter>Script2</Filter>
    </ClInclude>
    <ClInclude Include="..\Script2\BOut.h">
      <Filter>Script2</Filter>
    </ClInclude>
    <ClInclude Include="..\Script2\BOut.hpp">
      <Filter>Script2</Filter>
    </ClInclude>
    <ClInclude Include="..\Script2\BSeq.h">
      <Filter>Script2</Filter>
    </ClInclude>
    <ClInclude Include="..\Script2\BSeq.hpp">
      <Filter>Script2</Filter>
    </ClInclude>
    <ClInclude Include="..\Script2\Buffer.h">
      <Filter>Script2</Filter>
    </ClInclude>
    <ClInclude Include="..\Script2\CIn.h">
      <Filter>Script2</Filter>
    </ClInclude>
    <ClInclude Include="..\Script2\Clock.h">
      <Filter>Script2</Filter>
    </ClInclude>
    <ClInclude Include="..\Script2\Clock.hpp">
      <Filter>Script2</Filter>
    </ClInclude>
    <ClInclude Include="..\Script2\COut.h">
      <Filter>Script2</Filter>
    </ClInclude>
    <ClInclude Include="..\Script2\Crabs.h">
      <Filter>Script2</Filter>
    </ClInclude>
    <ClInclude Include="..\Script2\Dic.hpp">
      <Filter>Script2</Filter>
    </ClInclude>
    <ClInclude Include="..\Script2\Door.hpp">
      <Filter>Script2</Filter>
    </ClInclude>
    <ClInclude Include="..\Script2\Error.h">
      <Filter>Script2</Filter>
    </ClInclude>
    <ClInclude Include="..\Script2\Event.h">
      <Filter>Script2</Filter>
    </ClInclude>
    <ClInclude Include="..\Script2\File.h">
      <Filter>Script2</Filter>
    </ClInclude>
    <ClInclude Include="..\Script2\File.hpp">
      <Filter>Script2</Filter>
    </ClInclude>
    <ClInclude Include="..\Script2\Floor.h">
      <Filter>Script2</Filter>
    </ClInclude>
    <ClInclude Include="..\Script2\Folder.h">
      <Filter>Script2</Filter>
    </ClInclude>
    <ClInclude Include="..\Script2\Hash.hpp">
      <Filter>Script2</Filter>
    </ClInclude>
    <ClInclude Include="..\Script2\Interrupts.h">
      <Filter>Script2</Filter>
    </ClInclude>
    <ClInclude Include="..\Script2\Iterator.h">
      <Filter>Script2</Filter>
    </ClInclude>
    <ClInclude Include="..\Script2\Language.h">
      <Filter>Script2</Filter>
    </ClInclude>
    <ClInclude Include="..\Script2\Library.hpp">
      <Filter>Script2</Filter>
    </ClInclude>
    <ClInclude Include="..\Script2\List.hpp">
      <Filter>Script2</Filter>
    </ClInclude>
    <ClInclude Include="..\Script2\Loom.hpp">
      <Filter>Script2</Filter>
    </ClInclude>
    <ClInclude Include="..\Script2\Map.hpp">
      <Filter>Script2</Filter>
    </ClInclude>
    <ClInclude Include="..\Script2\Matrix.hpp">
      <Filter>Script2</Filter>
    </ClInclude>
    <ClInclude Include="..\Script2\Mirror.h">
      <Filter>Script2</Filter>
    </ClInclude>
    <ClInclude Include="..\Script2\Op.h">
      <Filter>Script2</Filter>
    </ClInclude>
    <ClInclude Include="..\Script2\Op.hpp">
      <Filter>Script2</Filter>
    </ClInclude>
    <ClInclude Include="..\Script2\Operand.h">
      <Filter>Script2</Filter>
    </ClInclude>
    <ClInclude Include="..\Script2\Puff.h">
      <Filter>Script2</Filter>
    </ClInclude>
    <ClInclude Include="..\Script2\Puff.hpp">
      <Filter>Script2</Filter>
    </ClInclude>
    <ClInclude Include="..\Script2\RNG.h">
      <Filter>Script2</Filter>
    </ClInclude>
    <ClInclude Include="..\Script2\Room.h">
      <Filter>Script2</Filter>
    </ClInclude>
    <ClInclude Include="..\Script2\Set.hpp">
      <Filter>Script2</Filter>
    </ClInclude>
    <ClInclude Include="..\Script2\Slot.h">
      <Filter>Script2</Filter>
    </ClInclude>
    <ClInclude Include="..\Script2\Slot.hpp">
      <Filter>Script2</Filter>
    </ClInclude>
    <ClInclude Include="..\Script2\Stack.hpp">
      <Filter>Script2</Filter>
    </ClInclude>
    <ClInclude Include="..\Script2\String.hpp">
      <Filter>Script2</Filter>
    </ClInclude>
    <ClInclude Include="..\Script2\Stringf.h">
      <Filter>Script2</Filter>
    </ClInclude>
    <ClInclude Include="..\Script2\Stringf.hpp">
      <Filter>Script2</Filter>
    </ClInclude>
    <ClInclude Include="..\Script2\Table.hpp">
      <Filter>Script2</Filter>
    </ClInclude>
    <ClInclude Include="..\Script2\Test.h">
      <Filter>Script2</Filter>
    </ClInclude>
    <ClInclude Include="..\Script2\Test.hpp">
      <Filter>Script2</Filter>
    </ClInclude>
    <ClInclude Include="..\Script2\TypeValue.h">
      <Filter>Script2</Filter>
    </ClInclude>
    <ClInclude Include="..\Script2\TypeValue.hpp">
      <Filter>Script2</Filter>
    </ClInclude>
    <ClInclude Include="..\Script2\Uniprinter.hpp">
      <Filter>Script2</Filter>
    </ClInclude>
    <ClInclude Include="..\Script2\_Seams\TestWords.h">
      <Filter>Script2\_Seams</Filter>
    </ClInclude>
    <ClInclude Include="..\Script2\_Seams\_Config.h">
      <Filter>Script2\_Seams</Filter>
    </ClInclude>
    <ClInclude Include="..\KabukiToolkit\AppClient.h">
      <Filter>KabukiToolkit</Filter>
    </ClInclude>
    <ClInclude Include="..\KabukiToolkit\AppServer.h">
      <Filter>KabukiToolkit</Filter>
    </ClInclude>
    <ClInclude Include="..\KabukiToolkit\Document.h">
      <Filter>KabukiToolkit</Filter>
    </ClInclude>
    <ClInclude Include="..\KabukiToolkit\Package.h">
      <Filter>KabukiToolkit</Filter>
    </ClInclude>
    <ClInclude Include="..\KabukiToolkit\Forms\Validator.h">
      <Filter>KabukiToolkit\Forms</Filter>
    </ClInclude>
    <ClInclude Include="..\KabukiToolkit\Audio\SoundWave.h">
      <Filter>KabukiToolkit\Audio</Filter>
    </ClInclude>
    <ClInclude Include="..\KabukiToolkit\Audio\SoundWave.hpp">
      <Filter>KabukiToolkit\Audio</Filter>
    </ClInclude>
    <ClInclude Include="..\KabukiToolkit\_Seams\_Config.h">
      <Filter>KabukiToolkit\_Seams</Filter>
    </ClInclude>
    <ClInclude Include="..\KabukiToolkit\_Seams\Code\01.StripComments.h">
      <Filter>KabukiToolkit\_Seams\Code</Filter>
    </ClInclude>
    <ClInclude Include="..\KabukiToolkit\_Seams\Code\01.StripComments.SourceExampleWithoutComments.h">
      <Filter>KabukiToolkit\_Seams\Code</Filter>
    </ClInclude>
    <ClInclude Include="..\KabukiToolkit\Code\Include.h">
      <Filter>KabukiToolkit\Code</Filter>
    </ClInclude>
    <ClInclude Include="..\KabukiToolkit\Code\stb_c_lexer.h">
      <Filter>KabukiToolkit\Code</Filter>
    </ClInclude>
    <ClInclude Include="..\KabukiToolkit\Code\stb_leakcheck.h">
      <Filter>KabukiToolkit\Code</Filter>
    </ClInclude>
    <ClInclude Include="..\KabukiToolkit\Code\CodeModule.h">
      <Filter>KabukiToolkit\Code</Filter>
    </ClInclude>
    <ClInclude Include="..\KabukiToolkit\Code\CommentStripper.h">
      <Filter>KabukiToolkit\Code</Filter>
    </ClInclude>
    <ClInclude Include="..\KabukiToolkit\Image\image_DXT.h">
      <Filter>KabukiToolkit\Image</Filter>
    </ClInclude>
    <ClInclude Include="..\KabukiToolkit\Image\image_helper.h">
      <Filter>KabukiToolkit\Image</Filter>
    </ClInclude>
    <ClInclude Include="..\KabukiToolkit\Image\jo_jpeg.h">
      <Filter>KabukiToolkit\Image</Filter>
    </ClInclude>
    <ClInclude Include="..\KabukiToolkit\Image\pkm_helper.h">
      <Filter>KabukiToolkit\Image</Filter>
    </ClInclude>
    <ClInclude Include="..\KabukiToolkit\Image\pvr_helper.h">
      <Filter>KabukiToolkit\Image</Filter>
    </ClInclude>
    <ClInclude Include="..\KabukiToolkit\Image\SOIL2.h">
      <Filter>KabukiToolkit\Image</Filter>
    </ClInclude>
    <ClInclude Include="..\KabukiToolkit\Image\stb_image.h">
      <Filter>KabukiToolkit\Image</Filter>
    </ClInclude>
    <ClInclude Include="..\KabukiToolkit\Image\stb_image_write.h">
      <Filter>KabukiToolkit\Image</Filter>
    </ClInclude>
    <ClInclude Include="..\KabukiToolkit\Image\stbi_DDS.h">
      <Filter>KabukiToolkit\Image</Filter>
    </ClInclude>
    <ClInclude Include="..\KabukiToolkit\Image\stbi_DDS_c.h">
      <Filter>KabukiToolkit\Image</Filter>
    </ClInclude>
    <ClInclude Include="..\KabukiToolkit\Image\stbi_ext.h">
      <Filter>KabukiToolkit\Image</Filter>
    </ClInclude>
    <ClInclude Include="..\KabukiToolkit\Image\stbi_ext_c.h">
      <Filter>KabukiToolkit\Image</Filter>
    </ClInclude>
    <ClInclude Include="..\KabukiToolkit\Image\stbi_pkm.h">
      <Filter>KabukiToolkit\Image</Filter>
    </ClInclude>
    <ClInclude Include="..\KabukiToolkit\Image\stbi_pkm_c.h">
      <Filter>KabukiToolkit\Image</Filter>
    </ClInclude>
    <ClInclude Include="..\KabukiToolkit\Image\stbi_pvr.h">
      <Filter>KabukiToolkit\Image</Filter>
    </ClInclude>
    <ClInclude Include="..\KabukiToolkit\Image\stbi_pvr_c.h">
      <Filter>KabukiToolkit\Image</Filter>
    </ClInclude>
    <ClInclude Include="..\KabukiToolkit\Image\etc1_utils.h">
      <Filter>KabukiToolkit\Image</Filter>
    </ClInclude>
    <ClInclude Include="..\KabukiToolkit\IMUL\Doxygen.h">
      <Filter>KabukiToolkit\IMUL</Filter>
    </ClInclude>
    <ClInclude Include="..\KabukiToolkit\IMUL\Parser.h">
      <Filter>KabukiToolkit\IMUL</Filter>
    </ClInclude>
    <ClInclude Include="..\KabukiToolkit\IMUL\UML.h">
      <Filter>KabukiToolkit\IMUL</Filter>
    </ClInclude>
    <ClInclude Include="..\KabukiToolkit\Pro\Git.hpp">
      <Filter>KabukiToolkit\Pro</Filter>
    </ClInclude>
    <ClInclude Include="..\KabukiToolkit\Pro\Global.h">
      <Filter>KabukiToolkit\Pro</Filter>
    </ClInclude>
    <ClInclude Include="..\KabukiToolkit\Pro\Issue.hpp">
      <Filter>KabukiToolkit\Pro</Filter>
    </ClInclude>
    <ClInclude Include="..\KabukiToolkit\Pro\Mission.hpp">
      <Filter>KabukiToolkit\Pro</Filter>
    </ClInclude>
    <ClInclude Include="..\KabukiToolkit\Pro\Project.hpp">
      <Filter>KabukiToolkit\Pro</Filter>
    </ClInclude>
    <ClInclude Include="..\KabukiToolkit\Pro\Schedule.hpp">
      <Filter>KabukiToolkit\Pro</Filter>
    </ClInclude>
    <ClInclude Include="..\KabukiToolkit\Pro\Task.hpp">
      <Filter>KabukiToolkit\Pro</Filter>
    </ClInclude>
    <ClInclude Include="..\KabukiToolkit\Pro\Workspace.hpp">
      <Filter>KabukiToolkit\Pro</Filter>
    </ClInclude>
    <ClInclude Include="..\KabukiToolkit\Pro\_Config.h">
      <Filter>KabukiToolkit\Pro</Filter>
    </ClInclude>
    <ClInclude Include="..\KabukiToolkit\Who\Registrar.hpp">
      <Filter>KabukiToolkit\Who</Filter>
    </ClInclude>
    <ClInclude Include="..\KabukiToolkit\Who\Relationship.hpp">
      <Filter>KabukiToolkit\Who</Filter>
    </ClInclude>
    <ClInclude Include="..\KabukiToolkit\Who\Role.hpp">
      <Filter>KabukiToolkit\Who</Filter>
    </ClInclude>
    <ClInclude Include="..\KabukiToolkit\Who\Roster.hpp">
      <Filter>KabukiToolkit\Who</Filter>
    </ClInclude>
    <ClInclude Include="..\KabukiToolkit\Who\Symbol.hpp">
      <Filter>KabukiToolkit\Who</Filter>
    </ClInclude>
    <ClInclude Include="..\KabukiToolkit\Who\UIDAssigner.hpp">
      <Filter>KabukiToolkit\Who</Filter>
    </ClInclude>
    <ClInclude Include="..\KabukiToolkit\Who\User.hpp">
      <Filter>KabukiToolkit\Who</Filter>
    </ClInclude>
    <ClInclude Include="..\KabukiToolkit\Who\UserList.hpp">
      <Filter>KabukiToolkit\Who</Filter>
    </ClInclude>
    <ClInclude Include="..\KabukiToolkit\Who\Acount.hpp">
      <Filter>KabukiToolkit\Who</Filter>
    </ClInclude>
    <ClInclude Include="..\KabukiToolkit\Who\Address.hpp">
      <Filter>KabukiToolkit\Who</Filter>
    </ClInclude>
    <ClInclude Include="..\KabukiToolkit\Who\AddressEmail.hpp">
      <Filter>KabukiToolkit\Who</Filter>
    </ClInclude>
    <ClInclude Include="..\KabukiToolkit\Who\Authenticator.hpp">
      <Filter>KabukiToolkit\Who</Filter>
    </ClInclude>
    <ClInclude Include="..\KabukiToolkit\Who\AuthenticatorDefault.hpp">
      <Filter>KabukiToolkit\Who</Filter>
    </ClInclude>
    <ClInclude Include="..\KabukiToolkit\Who\Entity.hpp">
      <Filter>KabukiToolkit\Who</Filter>
    </ClInclude>
    <ClInclude Include="..\KabukiToolkit\Who\EntityGroup.hpp">
      <Filter>KabukiToolkit\Who</Filter>
    </ClInclude>
    <ClInclude Include="..\KabukiToolkit\Who\EntityList.hpp">
      <Filter>KabukiToolkit\Who</Filter>
    </ClInclude>
    <ClInclude Include="..\KabukiToolkit\Who\Global.h">
      <Filter>KabukiToolkit\Who</Filter>
    </ClInclude>
    <ClInclude Include="..\KabukiToolkit\Who\Handle.hpp">
      <Filter>KabukiToolkit\Who</Filter>
    </ClInclude>
    <ClInclude Include="..\KabukiToolkit\Who\Name.hpp">
      <Filter>KabukiToolkit\Who</Filter>
    </ClInclude>
    <ClInclude Include="..\KabukiToolkit\Who\Organization.hpp">
      <Filter>KabukiToolkit\Who</Filter>
    </ClInclude>
    <ClInclude Include="..\KabukiToolkit\Who\Password.hpp">
      <Filter>KabukiToolkit\Who</Filter>
    </ClInclude>
    <ClInclude Include="..\KabukiToolkit\Who\Person.hpp">
      <Filter>KabukiToolkit\Who</Filter>
    </ClInclude>
    <ClInclude Include="..\KabukiToolkit\Who\Privilege.hpp">
      <Filter>KabukiToolkit\Who</Filter>
    </ClInclude>
    <ClInclude Include="..\KabukiToolkit\Who\Profile.hpp">
      <Filter>KabukiToolkit\Who</Filter>
    </ClInclude>
    <ClInclude Include="..\KabukiToolkit\Touch\Component.hpp">
      <Filter>KabukiToolkit\Touch</Filter>
    </ClInclude>
    <ClInclude Include="..\KabukiToolkit\Touch\ControlDMX.hpp">
      <Filter>KabukiToolkit\Touch</Filter>
    </ClInclude>
    <ClInclude Include="..\KabukiToolkit\Touch\Controller.hpp">
      <Filter>KabukiToolkit\Touch</Filter>
    </ClInclude>
    <ClInclude Include="..\KabukiToolkit\Touch\ControllerISymmetric.hpp">
      <Filter>KabukiToolkit\Touch</Filter>
    </ClInclude>
    <ClInclude Include="..\KabukiToolkit\Touch\ControlMaster.hpp">
      <Filter>KabukiToolkit\Touch</Filter>
    </ClInclude>
    <ClInclude Include="..\KabukiToolkit\Touch\ControlMatrix.hpp">
      <Filter>KabukiToolkit\Touch</Filter>
    </ClInclude>
    <ClInclude Include="..\KabukiToolkit\Touch\ControlMidi.hpp">
      <Filter>KabukiToolkit\Touch</Filter>
    </ClInclude>
    <ClInclude Include="..\KabukiToolkit\Touch\ControlXY.hpp">
      <Filter>KabukiToolkit\Touch</Filter>
    </ClInclude>
    <ClInclude Include="..\KabukiToolkit\Touch\Event.h">
      <Filter>KabukiToolkit\Touch</Filter>
    </ClInclude>
    <ClInclude Include="..\KabukiToolkit\Touch\GlobalConfig.h">
      <Filter>KabukiToolkit\Touch</Filter>
    </ClInclude>
    <ClInclude Include="..\KabukiToolkit\Touch\Library.hpp">
      <Filter>KabukiToolkit\Touch</Filter>
    </ClInclude>
    <ClInclude Include="..\KabukiToolkit\Touch\Mixer.hpp">
      <Filter>KabukiToolkit\Touch</Filter>
    </ClInclude>
    <ClInclude Include="..\KabukiToolkit\Touch\MixerChannel.hpp">
      <Filter>KabukiToolkit\Touch</Filter>
    </ClInclude>
    <ClInclude Include="..\KabukiToolkit\Touch\MixerPage.hpp">
      <Filter>KabukiToolkit\Touch</Filter>
    </ClInclude>
    <ClInclude Include="..\KabukiToolkit\Touch\Param.hpp">
      <Filter>KabukiToolkit\Touch</Filter>
    </ClInclude>
    <ClInclude Include="..\KabukiToolkit\Touch\ParamSet.hpp">
      <Filter>KabukiToolkit\Touch</Filter>
    </ClInclude>
    <ClInclude Include="..\KabukiToolkit\Touch\Set.hpp">
      <Filter>KabukiToolkit\Touch</Filter>
    </ClInclude>
    <ClInclude Include="..\KabukiToolkit\Touch\Tag.hpp">
      <Filter>KabukiToolkit\Touch</Filter>
    </ClInclude>
    <ClInclude Include="..\KabukiToolkit\Touch\TagLibrary.hpp">
      <Filter>KabukiToolkit\Touch</Filter>
    </ClInclude>
    <ClInclude Include="..\KabukiToolkit\Touch\Widget.hpp">
      <Filter>KabukiToolkit\Touch</Filter>
    </ClInclude>
    <ClInclude Include="..\KabukiToolkit\Touch\WidgetManager.hpp">
      <Filter>KabukiToolkit\Touch</Filter>
    </ClInclude>
    <ClInclude Include="..\KabukiToolkit\Touch\WidgetMidi.hpp">
      <Filter>KabukiToolkit\Touch</Filter>
    </ClInclude>
    <ClInclude Include="..\KabukiToolkit\Touch\WidgetPage.hpp">
      <Filter>KabukiToolkit\Touch</Filter>
    </ClInclude>
    <ClInclude Include="..\KabukiToolkit\Touch\_Config.h">
      <Filter>KabukiToolkit\Touch</Filter>
    </ClInclude>
    <ClInclude Include="..\KabukiToolkit\Touch\ADSR.hpp">
      <Filter>KabukiToolkit\Touch</Filter>
    </ClInclude>
    <ClInclude Include="..\KabukiToolkit\Touch\Button.hpp">
      <Filter>KabukiToolkit\Touch</Filter>
    </ClInclude>
    <ClInclude Include="..\KabukiToolkit\Touch\ButtonDMX.hpp">
      <Filter>KabukiToolkit\Touch</Filter>
    </ClInclude>
    <ClInclude Include="..\KabukiToolkit\Touch\ButtonDummy.hpp">
      <Filter>KabukiToolkit\Touch</Filter>
    </ClInclude>
    <ClInclude Include="..\KabukiToolkit\Touch\ButtonEvent.hpp">
      <Filter>KabukiToolkit\Touch</Filter>
    </ClInclude>
    <ClInclude Include="..\KabukiToolkit\Touch\ButtonMacro.hpp">
      <Filter>KabukiToolkit\Touch</Filter>
    </ClInclude>
    <ClInclude Include="..\KabukiToolkit\Touch\ButtonMidi.hpp">
      <Filter>KabukiToolkit\Touch</Filter>
    </ClInclude>
    <ClInclude Include="..\KabukiToolkit\Touch\ButtonMode.hpp">
      <Filter>KabukiToolkit\Touch</Filter>
    </ClInclude>
    <ClInclude Include="..\KabukiToolkit\Touch\ButtonPage.hpp">
      <Filter>KabukiToolkit\Touch</Filter>
    </ClInclude>
    <ClInclude Include="..\KabukiToolkit\Touch\ButtonRadio.hpp">
      <Filter>KabukiToolkit\Touch</Filter>
    </ClInclude>
    <ClInclude Include="..\KabukiToolkit\Touch\ButtonScroller.hpp">
      <Filter>KabukiToolkit\Touch</Filter>
    </ClInclude>
    <ClInclude Include="..\KabukiToolkit\Touch\ButtonSwap.hpp">
      <Filter>KabukiToolkit\Touch</Filter>
    </ClInclude>
    <ClInclude Include="..\KabukiToolkit\Touch\ButtonWidget.hpp">
      <Filter>KabukiToolkit\Touch</Filter>
    </ClInclude>
    <ClInclude Include="..\KabukiToolkit\Touch\ChannelGroup.hpp">
      <Filter>KabukiToolkit\Touch</Filter>
    </ClInclude>
    <ClInclude Include="..\iGeek\EnvGoal.hpp">
      <Filter>iGeek</Filter>
    </ClInclude>
    <ClInclude Include="..\iGeek\Shader.h">
      <Filter>iGeek</Filter>
    </ClInclude>
    <ClInclude Include="..\iGeek\Env.h">
      <Filter>iGeek</Filter>
    </ClInclude>
    <ClInclude Include="..\iGeek\_Seams\Release.h">
      <Filter>iGeek\_Seams</Filter>
    </ClInclude>
    <ClInclude Include="..\iGeek\_Seams\_Config.h">
      <Filter>iGeek\_Seams</Filter>
    </ClInclude>
    <ClInclude Include="Player.h">
      <Filter>./</Filter>
    </ClInclude>
    <ClInclude Include="_Config.h">
      <Filter>./</Filter>
    </ClInclude>
    <ClInclude Include="Blackjack.h">
      <Filter>./</Filter>
    </ClInclude>
    <ClInclude Include="BlackjackCardCombo.h">
      <Filter>./</Filter>
    </ClInclude>
    <ClInclude Include="BlackjackDealer.h">
      <Filter>./</Filter>
    </ClInclude>
    <ClInclude Include="BlackjackHand.h">
      <Filter>./</Filter>
    </ClInclude>
    <ClInclude Include="BlackjackPlayer.h">
      <Filter>./</Filter>
    </ClInclude>
    <ClInclude Include="Card.h">
      <Filter>./</Filter>
    </ClInclude>
    <ClInclude Include="CardCombo.h">
      <Filter>./</Filter>
    </ClInclude>
    <ClInclude Include="CardStack.h">
      <Filter>./</Filter>
    </ClInclude>
    <ClInclude Include="Dealer.h">
      <Filter>./</Filter>
    </ClInclude>
    <ClInclude Include="Deck.h">
      <Filter>./</Filter>
    </ClInclude>
    <ClInclude Include="DeckDefault.h">
      <Filter>./</Filter>
    </ClInclude>
    <ClInclude Include="Hand.h">
      <Filter>./</Filter>
    </ClInclude>
  </ItemGroup>
  <ItemGroup>
    <None Include="..\Script2\_ConfigDefault.inl">
      <Filter>Script2</Filter>
    </None>
    <None Include="..\Script2\_ConfigFooter.inl">
      <Filter>Script2</Filter>
    </None>
    <None Include="..\Script2\_ConfigHeader.inl">
      <Filter>Script2</Filter>
    </None>
    <None Include="..\Script2\_Debug.inl">
      <Filter>Script2</Filter>
    </None>
    <None Include="..\Script2\_Package.inl">
      <Filter>Script2</Filter>
    </None>
    <None Include="..\Script2\_Release.inl">
      <Filter>Script2</Filter>
    </None>
    <None Include="..\Script2\_Undef.inl">
      <Filter>Script2</Filter>
    </None>
    <None Include="..\Script2\Array.inl">
      <Filter>Script2</Filter>
    </None>
    <None Include="..\Script2\BIn.inl">
      <Filter>Script2</Filter>
    </None>
    <None Include="..\Script2\BOut.inl">
      <Filter>Script2</Filter>
    </None>
    <None Include="..\Script2\BSeq.inl">
      <Filter>Script2</Filter>
    </None>
    <None Include="..\Script2\CIn.inl">
      <Filter>Script2</Filter>
    </None>
    <None Include="..\Script2\Clock.inl">
      <Filter>Script2</Filter>
    </None>
    <None Include="..\Script2\COut.inl">
      <Filter>Script2</Filter>
    </None>
    <None Include="..\Script2\Crabs.inl">
      <Filter>Script2</Filter>
    </None>
    <None Include="..\Script2\Error.inl">
      <Filter>Script2</Filter>
    </None>
    <None Include="..\Script2\File.inl">
      <Filter>Script2</Filter>
    </None>
    <None Include="..\Script2\Floor.inl">
      <Filter>Script2</Filter>
    </None>
    <None Include="..\Script2\Folder.inl">
      <Filter>Script2</Filter>
    </None>
    <None Include="..\Script2\Interrupts.inl">
      <Filter>Script2</Filter>
    </None>
    <None Include="..\Script2\MorseCode.inl">
      <Filter>Script2</Filter>
    </None>
    <None Include="..\Script2\Op.inl">
      <Filter>Script2</Filter>
    </None>
    <None Include="..\Script2\Operand.inl">
      <Filter>Script2</Filter>
    </None>
    <None Include="..\Script2\Puff.inl">
      <Filter>Script2</Filter>
    </None>
    <None Include="..\Script2\ReadMe.md">
      <Filter>Script2</Filter>
    </None>
    <None Include="..\Script2\RNG.inl">
      <Filter>Script2</Filter>
    </None>
    <None Include="..\Script2\Room.inl">
      <Filter>Script2</Filter>
    </None>
    <None Include="..\Script2\Slot.inl">
      <Filter>Script2</Filter>
    </None>
    <None Include="..\Script2\Stringf.inl">
      <Filter>Script2</Filter>
    </None>
    <None Include="..\Script2\Tasks.json">
      <Filter>Script2</Filter>
    </None>
    <None Include="..\Script2\Test.inl">
      <Filter>Script2</Filter>
    </None>
    <None Include="..\Script2\TypeValue.inl">
      <Filter>Script2</Filter>
    </None>
    <None Include="..\Script2\_Seams\02.ItoS.inl">
      <Filter>Script2\_Seams</Filter>
    </None>
    <None Include="..\Script2\_Seams\02.Socket.inl">
      <Filter>Script2\_Seams</Filter>
    </None>
    <None Include="..\Script2\_Seams\03.FtoS.inl">
      <Filter>Script2\_Seams</Filter>
    </None>
    <None Include="..\Script2\_Seams\04.SPrinter.inl">
      <Filter>Script2\_Seams</Filter>
    </None>
    <None Include="..\Script2\_Seams\05.Clock.inl">
      <Filter>Script2\_Seams</Filter>
    </None>
    <None Include="..\Script2\_Seams\06.Stack.inl">
      <Filter>Script2\_Seams</Filter>
    </None>
    <None Include="..\Script2\_Seams\07.Matrix.inl">
      <Filter>Script2\_Seams</Filter>
    </None>
    <None Include="..\Script2\_Seams\08.String.inl">
      <Filter>Script2\_Seams</Filter>
    </None>
    <None Include="..\Script2\_Seams\09.Loom.inl">
      <Filter>Script2\_Seams</Filter>
    </None>
    <None Include="..\Script2\_Seams\10.List.inl">
      <Filter>Script2\_Seams</Filter>
    </None>
    <None Include="..\Script2\_Seams\11.Book.inl">
      <Filter>Script2\_Seams</Filter>
    </None>
    <None Include="..\Script2\_Seams\12.Map.inl">
      <Filter>Script2\_Seams</Filter>
    </None>
    <None Include="..\Script2\_Seams\13.Table.inl">
      <Filter>Script2\_Seams</Filter>
    </None>
    <None Include="..\Script2\_Seams\14.Dic.inl">
      <Filter>Script2\_Seams</Filter>
    </None>
    <None Include="..\Script2\_Seams\15.Crabs.inl">
      <Filter>Script2\_Seams</Filter>
    </None>
    <None Include="..\Script2\_Seams\16.Door.inl">
      <Filter>Script2\_Seams</Filter>
    </None>
    <None Include="..\Script2\_Seams\17.Room.inl">
      <Filter>Script2\_Seams</Filter>
    </None>
    <None Include="..\Script2\_Seams\17.Seam.s2">
      <Filter>Script2\_Seams</Filter>
    </None>
    <None Include="..\Script2\_Seams\18.Release.inl">
      <Filter>Script2\_Seams</Filter>
    </None>
    <None Include="..\Script2\_Seams\ReadMe.md">
      <Filter>Script2\_Seams</Filter>
    </None>
    <None Include="..\Script2\_Seams\_Seams.inl">
      <Filter>Script2\_Seams</Filter>
    </None>
    <None Include="..\Script2\_Seams\_Tests.inl">
      <Filter>Script2\_Seams</Filter>
    </None>
    <None Include="..\Script2\_Seams\00.Core.inl">
      <Filter>Script2\_Seams</Filter>
    </None>
    <None Include="..\Script2\_Seams\01.RNG.inl">
      <Filter>Script2\_Seams</Filter>
    </None>
    <None Include="..\Script2\_Seams\01.Uniscanner.inl">
      <Filter>Script2\_Seams</Filter>
    </None>
    <None Include="..\KabukiToolkit\AppClient.inl">
      <Filter>KabukiToolkit</Filter>
    </None>
    <None Include="..\KabukiToolkit\AppServer.inl">
      <Filter>KabukiToolkit</Filter>
    </None>
    <None Include="..\KabukiToolkit\Document.inl">
      <Filter>KabukiToolkit</Filter>
    </None>
    <None Include="..\KabukiToolkit\Package.inl">
      <Filter>KabukiToolkit</Filter>
    </None>
    <None Include="..\KabukiToolkit\ReadMe.md">
      <Filter>KabukiToolkit</Filter>
    </None>
    <None Include="..\KabukiToolkit\_Package.inl">
      <Filter>KabukiToolkit</Filter>
    </None>
    <None Include="..\KabukiToolkit\Forms\ReadMe.md">
      <Filter>KabukiToolkit\Forms</Filter>
    </None>
    <None Include="..\KabukiToolkit\_Seams\Data\ReadMe.md">
      <Filter>KabukiToolkit\_Seams\Data</Filter>
    </None>
    <None Include="..\KabukiToolkit\_Seams\Data\00.Core.inl">
      <Filter>KabukiToolkit\_Seams\Data</Filter>
    </None>
    <None Include="..\KabukiToolkit\_Seams\Forms\00.Core.inl">
      <Filter>KabukiToolkit\_Seams\Forms</Filter>
    </None>
    <None Include="..\KabukiToolkit\_Seams\Forms\ReadMe.md">
      <Filter>KabukiToolkit\_Seams\Forms</Filter>
    </None>
    <None Include="..\KabukiToolkit\_Seams\GUI\00.Core.inl">
      <Filter>KabukiToolkit\_Seams\GUI</Filter>
    </None>
    <None Include="..\KabukiToolkit\_Seams\GUI\ReadMe.md">
      <Filter>KabukiToolkit\_Seams\GUI</Filter>
    </None>
    <None Include="..\KabukiToolkit\_Seams\Image\00.Core.inl">
      <Filter>KabukiToolkit\_Seams\Image</Filter>
    </None>
    <None Include="..\KabukiToolkit\_Seams\Image\ReadMe.md">
      <Filter>KabukiToolkit\_Seams\Image</Filter>
    </None>
    <None Include="..\KabukiToolkit\_Seams\Imul\ReadMe.md">
      <Filter>KabukiToolkit\_Seams\IMUL</Filter>
    </None>
    <None Include="..\KabukiToolkit\_Seams\Imul\00.Core.inl">
      <Filter>KabukiToolkit\_Seams\IMUL</Filter>
    </None>
    <None Include="..\KabukiToolkit\_Seams\Pro\ReadMe.md">
      <Filter>KabukiToolkit\_Seams\Pro</Filter>
    </None>
    <None Include="..\KabukiToolkit\_Seams\Pro\00.Core.inl">
      <Filter>KabukiToolkit\_Seams\Pro</Filter>
    </None>
    <None Include="..\KabukiToolkit\_Seams\Touch\ReadMe.md">
      <Filter>KabukiToolkit\_Seams\Touch</Filter>
    </None>
    <None Include="..\KabukiToolkit\_Seams\Touch\00.Core.inl">
      <Filter>KabukiToolkit\_Seams\Touch</Filter>
    </None>
    <None Include="..\KabukiToolkit\_Seams\Who\ReadMe.md">
      <Filter>KabukiToolkit\_Seams\Who</Filter>
    </None>
    <None Include="..\KabukiToolkit\_Seams\Who\00.Core.inl">
      <Filter>KabukiToolkit\_Seams\Who</Filter>
    </None>
    <None Include="..\KabukiToolkit\Audio\ReadMe.md">
      <Filter>KabukiToolkit\Audio</Filter>
    </None>
    <None Include="..\KabukiToolkit\_Seams\Audio\ReadMe.md">
      <Filter>KabukiToolkit\_Seams\Audio</Filter>
    </None>
    <None Include="..\KabukiToolkit\_Seams\Audio\00.Core.inl">
      <Filter>KabukiToolkit\_Seams\Audio</Filter>
    </None>
    <None Include="..\KabukiToolkit\_Seams\_Release.inl">
      <Filter>KabukiToolkit\_Seams</Filter>
    </None>
    <None Include="..\KabukiToolkit\_Seams\_Seams.inl">
      <Filter>KabukiToolkit\_Seams</Filter>
    </None>
    <None Include="..\KabukiToolkit\_Seams\_Undef.inl">
      <Filter>KabukiToolkit\_Seams</Filter>
    </None>
    <None Include="..\KabukiToolkit\_Seams\ReadMe.md">
      <Filter>KabukiToolkit\_Seams</Filter>
    </None>
    <None Include="..\KabukiToolkit\_Seams\Release.inl">
      <Filter>KabukiToolkit\_Seams</Filter>
    </None>
    <None Include="..\KabukiToolkit\_Seams\_Debug.inl">
      <Filter>KabukiToolkit\_Seams</Filter>
    </None>
    <None Include="..\KabukiToolkit\_Seams\Code\00.Core.inl">
      <Filter>KabukiToolkit\_Seams\Code</Filter>
    </None>
    <None Include="..\KabukiToolkit\Code\CommentStripper.inl">
      <Filter>KabukiToolkit\Code</Filter>
    </None>
    <None Include="..\KabukiToolkit\Code\Include.inl">
      <Filter>KabukiToolkit\Code</Filter>
    </None>
    <None Include="..\KabukiToolkit\Code\ReadMe.md">
      <Filter>KabukiToolkit\Code</Filter>
    </None>
    <None Include="..\KabukiToolkit\Code\stb_c_lexer.inl">
      <Filter>KabukiToolkit\Code</Filter>
    </None>
    <None Include="..\KabukiToolkit\Code\stb_leakcheck.inl">
      <Filter>KabukiToolkit\Code</Filter>
    </None>
    <None Include="..\KabukiToolkit\Code\_Seams.inl">
      <Filter>KabukiToolkit\Code</Filter>
    </None>
    <None Include="..\KabukiToolkit\Code\CodeModule.inl">
      <Filter>KabukiToolkit\Code</Filter>
    </None>
    <None Include="..\KabukiToolkit\Data\ReadMe.md">
      <Filter>KabukiToolkit\Data</Filter>
    </None>
    <None Include="..\KabukiToolkit\GUI\ReadMe.md">
      <Filter>KabukiToolkit\GUI</Filter>
    </None>
    <None Include="..\KabukiToolkit\GUI\_Package.inl">
      <Filter>KabukiToolkit\GUI</Filter>
    </None>
    <None Include="..\KabukiToolkit\Image\image_DXT.inl">
      <Filter>KabukiToolkit\Image</Filter>
    </None>
    <None Include="..\KabukiToolkit\Image\image_helper.inl">
      <Filter>KabukiToolkit\Image</Filter>
    </None>
    <None Include="..\KabukiToolkit\Image\ReadMe.md">
      <Filter>KabukiToolkit\Image</Filter>
    </None>
    <None Include="..\KabukiToolkit\Image\SOIL2.inl">
      <Filter>KabukiToolkit\Image</Filter>
    </None>
    <None Include="..\KabukiToolkit\Image\_Package.inl">
      <Filter>KabukiToolkit\Image</Filter>
    </None>
    <None Include="..\KabukiToolkit\Image\etc1_utils.inl">
      <Filter>KabukiToolkit\Image</Filter>
    </None>
    <None Include="..\KabukiToolkit\IMUL\ReadMe.md">
      <Filter>KabukiToolkit\IMUL</Filter>
    </None>
    <None Include="..\KabukiToolkit\IMUL\_Seams.inl">
      <Filter>KabukiToolkit\IMUL</Filter>
    </None>
    <None Include="..\KabukiToolkit\Pro\_Library.inl">
      <Filter>KabukiToolkit\Pro</Filter>
    </None>
    <None Include="..\KabukiToolkit\Pro\_Release.inl">
      <Filter>KabukiToolkit\Pro</Filter>
    </None>
    <None Include="..\KabukiToolkit\Pro\_Seams.inl">
      <Filter>KabukiToolkit\Pro</Filter>
    </None>
    <None Include="..\KabukiToolkit\Pro\_Undef.inl">
      <Filter>KabukiToolkit\Pro</Filter>
    </None>
    <None Include="..\KabukiToolkit\Pro\ReadMe.md">
      <Filter>KabukiToolkit\Pro</Filter>
    </None>
    <None Include="..\KabukiToolkit\Pro\_Config.inl">
      <Filter>KabukiToolkit\Pro</Filter>
    </None>
    <None Include="..\KabukiToolkit\Pro\_Debug.inl">
      <Filter>KabukiToolkit\Pro</Filter>
    </None>
    <None Include="..\KabukiToolkit\Who\_Config.inl">
      <Filter>KabukiToolkit\Who</Filter>
    </None>
    <None Include="..\KabukiToolkit\Who\_Debug.inl">
      <Filter>KabukiToolkit\Who</Filter>
    </None>
    <None Include="..\KabukiToolkit\Who\_Library.inl">
      <Filter>KabukiToolkit\Who</Filter>
    </None>
    <None Include="..\KabukiToolkit\Who\_Release.inl">
      <Filter>KabukiToolkit\Who</Filter>
    </None>
    <None Include="..\KabukiToolkit\Who\_Seams.inl">
      <Filter>KabukiToolkit\Who</Filter>
    </None>
    <None Include="..\KabukiToolkit\Who\_Undef.inl">
      <Filter>KabukiToolkit\Who</Filter>
    </None>
    <None Include="..\KabukiToolkit\Who\ReadMe.md">
      <Filter>KabukiToolkit\Who</Filter>
    </None>
    <None Include="..\KabukiToolkit\Touch\ReadMe.md">
      <Filter>KabukiToolkit\Touch</Filter>
    </None>
    <None Include="..\KabukiToolkit\Touch\_Config.inl">
      <Filter>KabukiToolkit\Touch</Filter>
    </None>
    <None Include="..\KabukiToolkit\Touch\_Debug.inl">
      <Filter>KabukiToolkit\Touch</Filter>
    </None>
    <None Include="..\KabukiToolkit\Touch\_Library.inl">
      <Filter>KabukiToolkit\Touch</Filter>
    </None>
    <None Include="..\KabukiToolkit\Touch\_Release.inl">
      <Filter>KabukiToolkit\Touch</Filter>
    </None>
    <None Include="..\KabukiToolkit\Touch\_Seams.inl">
      <Filter>KabukiToolkit\Touch</Filter>
    </None>
    <None Include="..\KabukiToolkit\Touch\_Undef.inl">
      <Filter>KabukiToolkit\Touch</Filter>
    </None>
    <None Include="..\iGeek\ReadMe.md">
      <Filter>iGeek</Filter>
    </None>
    <None Include="..\iGeek\core.frag">
      <Filter>iGeek</Filter>
    </None>
    <None Include="..\iGeek\core.vs">
      <Filter>iGeek</Filter>
    </None>
    <None Include="..\iGeek\Env.inl">
      <Filter>iGeek</Filter>
    </None>
    <None Include="..\iGeek\_Seams\_Seams.inl">
      <Filter>iGeek\_Seams</Filter>
    </None>
    <None Include="..\iGeek\_Seams\_Undef.inl">
      <Filter>iGeek\_Seams</Filter>
    </None>
    <None Include="..\iGeek\_Seams\00.Core.inl">
      <Filter>iGeek\_Seams</Filter>
    </None>
    <None Include="..\iGeek\_Seams\01.ImageBMP.inl">
      <Filter>iGeek\_Seams</Filter>
    </None>
    <None Include="..\iGeek\_Seams\02.OpenGLHelloWorld.inl">
      <Filter>iGeek\_Seams</Filter>
    </None>
    <None Include="..\iGeek\_Seams\ReadMe.md">
      <Filter>iGeek\_Seams</Filter>
    </None>
    <None Include="..\iGeek\_Seams\_Debug.inl">
      <Filter>iGeek\_Seams</Filter>
    </None>
    <None Include="..\iGeek\_Seams\_Release.inl">
      <Filter>iGeek\_Seams</Filter>
    </None>
    <None Include="Hand.inl">
      <Filter>./</Filter>
    </None>
    <None Include="Player.inl">
      <Filter>./</Filter>
    </None>
    <None Include="ReadMe.md">
      <Filter>./</Filter>
    </None>
    <None Include="_Impl.inl">
      <Filter>./</Filter>
    </None>
    <None Include="BlackjackCardCombo.inl">
      <Filter>./</Filter>
    </None>
    <None Include="BlackjackDealer.inl">
      <Filter>./</Filter>
    </None>
    <None Include="BlackjackHand.inl">
      <Filter>./</Filter>
    </None>
    <None Include="BlackjackPlayer.inl">
      <Filter>./</Filter>
    </None>
    <None Include="Card.inl">
      <Filter>./</Filter>
    </None>
    <None Include="CardCombo.inl">
      <Filter>./</Filter>
    </None>
    <None Include="CardDeckDefault.inl">
      <Filter>./</Filter>
    </None>
    <None Include="CardStack.inl">
      <Filter>./</Filter>
    </None>
    <None Include="Dealer.inl">
      <Filter>./</Filter>
    </None>
    <None Include="Deck.inl">
      <Filter>./</Filter>
    </None>
    <None Include="DeckDefault.inl">
      <Filter>./</Filter>
    </None>
    <None Include="_seams\02.Deck.inl">
      <Filter>./\_Seams</Filter>
    </None>
    <None Include="_seams\03.Blackjack.inl">
      <Filter>./\_Seams</Filter>
    </None>
    <None Include="_seams\ReadMe.md">
      <Filter>./\_Seams</Filter>
    </None>
    <None Include="_seams\Release.inl">
      <Filter>./\_Seams</Filter>
    </None>
    <None Include="_seams\_Debug.inl">
      <Filter>./\_Seams</Filter>
    </None>
    <None Include="_seams\_Release.inl">
      <Filter>./\_Seams</Filter>
    </None>
    <None Include="_seams\_Undef.inl">
      <Filter>./\_Seams</Filter>
    </None>
    <None Include="_seams\00.CardStack.inl">
      <Filter>./\_Seams</Filter>
    </None>
    <None Include="_seams\01.Hand.inl">
      <Filter>./\_Seams</Filter>
    </None>
  </ItemGroup>
  <ItemGroup>
    <Text Include="..\Script2\CMakeLists.txt">
      <Filter>Script2</Filter>
    </Text>
    <Text Include="..\Script2\_Seams\CMakeLists.txt">
      <Filter>Script2\_Seams</Filter>
    </Text>
    <Text Include="..\KabukiToolkit\_Seams\CMakeFiles.txt">
      <Filter>KabukiToolkit\_Seams</Filter>
    </Text>
    <Text Include="..\iGeek\_Seams\CMakeLists.txt">
      <Filter>iGeek\_Seams</Filter>
    </Text>
    <Text Include="_seams\CMakeLists.txt">
      <Filter>./\_Seams</Filter>
    </Text>
  </ItemGroup>
  <ItemGroup>
    <ClCompile Include="..\Script2\_Seams\_Main.cpp">
      <Filter>Script2\_Seams</Filter>
    </ClCompile>
    <ClCompile Include="..\KabukiToolkit\_Seams\_Main.cpp">
      <Filter>KabukiToolkit\_Seams</Filter>
    </ClCompile>
    <ClCompile Include="..\iGeek\_Seams\_Main.cpp">
      <Filter>iGeek\_Seams</Filter>
    </ClCompile>
    <ClCompile Include="_seams\Main.cpp">
      <Filter>./\_Seams</Filter>
    </ClCompile>
  </ItemGroup>
</Project>