<?xml version="1.0" encoding="utf-8"?>
<Project ToolsVersion="4.0" xmlns="http://schemas.microsoft.com/developer/msbuild/2003">
  <ItemGroup>
    <Filter Include="./">
      <UniqueIdentifier>{4FC737F1-C7A5-4376-A066-2A32D752A2FF}</UniqueIdentifier>
      <Extensions>cpp;c;cc;cxx;def;odl;idl;hpj;bat;asm;asmx</Extensions>
    </Filter>
    <Filter Include="./\_seams">
      <UniqueIdentifier>{bf6d73eb-a329-4324-839b-c163042c31b8}</UniqueIdentifier>
    </Filter>
  </ItemGroup>
  <ItemGroup>
    <ClCompile Include="_seams\main.cpp">
      <Filter>./\_seams</Filter>
    </ClCompile>
  </ItemGroup>
  <ItemGroup>
    <ClInclude Include="blackjack.h">
      <Filter>./</Filter>
    </ClInclude>
    <ClInclude Include="blackjack_card_combo.h">
      <Filter>./</Filter>
    </ClInclude>
    <ClInclude Include="blackjack_dealer.h">
      <Filter>./</Filter>
    </ClInclude>
    <ClInclude Include="blackjack_hand.h">
      <Filter>./</Filter>
    </ClInclude>
    <ClInclude Include="blackjack_player.h">
      <Filter>./</Filter>
    </ClInclude>
    <ClInclude Include="card.h">
      <Filter>./</Filter>
    </ClInclude>
    <ClInclude Include="dealer.h">
      <Filter>./</Filter>
    </ClInclude>
    <ClInclude Include="deck.h">
      <Filter>./</Filter>
    </ClInclude>
    <ClInclude Include="hand.h">
      <Filter>./</Filter>
    </ClInclude>
    <ClInclude Include="player.h">
      <Filter>./</Filter>
    </ClInclude>
    <ClInclude Include="_config.h">
      <Filter>./</Filter>
    </ClInclude>
    <ClInclude Include="card_combo.h">
      <Filter>./</Filter>
    </ClInclude>
    <ClInclude Include="card_stack.h">
      <Filter>./</Filter>
    </ClInclude>
    <ClInclude Include="deck_default.h">
      <Filter>./</Filter>
    </ClInclude>
    <ClInclude Include="_seams\release.inl">
      <Filter>./\_seams</Filter>
    </ClInclude>
    <ClInclude Include="_seams\02.deck.inl">
      <Filter>./\_seams</Filter>
    </ClInclude>
    <ClInclude Include="_seams\01.hand.inl">
      <Filter>./\_seams</Filter>
    </ClInclude>
    <ClInclude Include="_seams\00.cardstack.inl">
      <Filter>./\_seams</Filter>
    </ClInclude>
    <ClInclude Include="_seams\03.blackjack.inl">
      <Filter>./\_seams</Filter>
    </ClInclude>
  </ItemGroup>
  <ItemGroup>
    <None Include="blackjack_card_combo.inl">
      <Filter>./</Filter>
    </None>
    <None Include="blackjack_dealer.inl">
      <Filter>./</Filter>
    </None>
    <None Include="blackjack_hand.inl">
      <Filter>./</Filter>
    </None>
    <None Include="blackjack_player.inl">
      <Filter>./</Filter>
    </None>
    <None Include="card.inl">
      <Filter>./</Filter>
    </None>
    <None Include="card_deck_default.inl">
      <Filter>./</Filter>
    </None>
    <None Include="dealer.inl">
      <Filter>./</Filter>
    </None>
    <None Include="deck.inl">
      <Filter>./</Filter>
    </None>
    <None Include="hand.inl">
      <Filter>./</Filter>
    </None>
    <None Include="player.inl">
      <Filter>./</Filter>
    </None>
    <None Include="readme.md">
      <Filter>./</Filter>
    </None>
    <None Include="_impl.inl">
      <Filter>./</Filter>
    </None>
    <None Include="_seams\readme.md">
      <Filter>./\_seams</Filter>
    </None>
    <None Include="card_combo.inl">
      <Filter>./</Filter>
    </None>
    <None Include="card_stack.inl">
      <Filter>./</Filter>
    </None>
    <None Include="deck_default.inl">
      <Filter>./</Filter>
    </None>
  </ItemGroup>
  <ItemGroup>
    <Text Include="_seams\CMakeLists.txt">
      <Filter>./\_seams</Filter>
    </Text>
  </ItemGroup>
</Project>